
Microsoft Visual Studio Solution File, Format Version 12.00
# Visual Studio 14
VisualStudioVersion = 14.0.25420.1
MinimumVisualStudioVersion = 10.0.40219.1
Project("{FAE04EC0-301F-11D3-BF4B-00C04F79EFBC}") = "OpenNETCF.Extensions.FFx", "OpenNETCF.Extensions.FFx.csproj", "{82D377B5-7A45-439C-BECB-7D008E7152B3}"
EndProject
Global
	GlobalSection(SolutionConfigurationPlatforms) = preSolution
		Debug|Any CPU = Debug|Any CPU
		FFxRelease|Any CPU = FFxRelease|Any CPU
		MonoRelease|Any CPU = MonoRelease|Any CPU
	EndGlobalSection
	GlobalSection(ProjectConfigurationPlatforms) = postSolution
		{82D377B5-7A45-439C-BECB-7D008E7152B3}.Debug|Any CPU.ActiveCfg = Debug|Any CPU
		{82D377B5-7A45-439C-BECB-7D008E7152B3}.Debug|Any CPU.Build.0 = Debug|Any CPU
		{82D377B5-7A45-439C-BECB-7D008E7152B3}.FFxRelease|Any CPU.ActiveCfg = FFxRelease|Any CPU
		{82D377B5-7A45-439C-BECB-7D008E7152B3}.FFxRelease|Any CPU.Build.0 = FFxRelease|Any CPU
		{82D377B5-7A45-439C-BECB-7D008E7152B3}.MonoRelease|Any CPU.ActiveCfg = MonoRelease|Any CPU
		{82D377B5-7A45-439C-BECB-7D008E7152B3}.MonoRelease|Any CPU.Build.0 = MonoRelease|Any CPU
	EndGlobalSection
	GlobalSection(SolutionProperties) = preSolution
		HideSolutionNode = FALSE
	EndGlobalSection
EndGlobal
